
Microsoft Visual Studio Solution File, Format Version 12.00
# Visual Studio Version 17
VisualStudioVersion = 17.0.31903.59
MinimumVisualStudioVersion = 10.0.40219.1
Project("{FAE04EC0-301F-11D3-BF4B-00C04F79EFBC}") = "DiaFit.API", "DiaFit.API\DiaFit.API.csproj", "{FD7A17E8-AA58-4AE3-A285-39D263DBBE6C}"
EndProject
Project("{FAE04EC0-301F-11D3-BF4B-00C04F79EFBC}") = "DiaFit.Admin", "DiaFit.Admin\DiaFit.Admin.csproj", "{737C29A9-F7E2-4A96-831D-45BE86C1C998}"
EndProject
Project("{FAE04EC0-301F-11D3-BF4B-00C04F79EFBC}") = "DiaFit.Tests", "DiaFit.Tests\DiaFit.Tests.csproj", "{A742B15E-562C-4D5F-9EFE-252614938E36}"
EndProject
Global
	GlobalSection(SolutionConfigurationPlatforms) = preSolution
		Debug|Any CPU = Debug|Any CPU
		Debug|x64 = Debug|x64
		Debug|x86 = Debug|x86
		Release|Any CPU = Release|Any CPU
		Release|x64 = Release|x64
		Release|x86 = Release|x86
	EndGlobalSection
	GlobalSection(ProjectConfigurationPlatforms) = postSolution
		{FD7A17E8-AA58-4AE3-A285-39D263DBBE6C}.Debug|Any CPU.ActiveCfg = Debug|Any CPU
		{FD7A17E8-AA58-4AE3-A285-39D263DBBE6C}.Debug|Any CPU.Build.0 = Debug|Any CPU
		{FD7A17E8-AA58-4AE3-A285-39D263DBBE6C}.Debug|x64.ActiveCfg = Debug|Any CPU
		{FD7A17E8-AA58-4AE3-A285-39D263DBBE6C}.Debug|x64.Build.0 = Debug|Any CPU
		{FD7A17E8-AA58-4AE3-A285-39D263DBBE6C}.Debug|x86.ActiveCfg = Debug|Any CPU
		{FD7A17E8-AA58-4AE3-A285-39D263DBBE6C}.Debug|x86.Build.0 = Debug|Any CPU
		{FD7A17E8-AA58-4AE3-A285-39D263DBBE6C}.Release|Any CPU.ActiveCfg = Release|Any CPU
		{FD7A17E8-AA58-4AE3-A285-39D263DBBE6C}.Release|Any CPU.Build.0 = Release|Any CPU
		{FD7A17E8-AA58-4AE3-A285-39D263DBBE6C}.Release|x64.ActiveCfg = Release|Any CPU
		{FD7A17E8-AA58-4AE3-A285-39D263DBBE6C}.Release|x64.Build.0 = Release|Any CPU
		{FD7A17E8-AA58-4AE3-A285-39D263DBBE6C}.Release|x86.ActiveCfg = Release|Any CPU
		{FD7A17E8-AA58-4AE3-A285-39D263DBBE6C}.Release|x86.Build.0 = Release|Any CPU
		{737C29A9-F7E2-4A96-831D-45BE86C1C998}.Debug|Any CPU.ActiveCfg = Debug|Any CPU
		{737C29A9-F7E2-4A96-831D-45BE86C1C998}.Debug|Any CPU.Build.0 = Debug|Any CPU
		{737C29A9-F7E2-4A96-831D-45BE86C1C998}.Debug|x64.ActiveCfg = Debug|Any CPU
		{737C29A9-F7E2-4A96-831D-45BE86C1C998}.Debug|x64.Build.0 = Debug|Any CPU
		{737C29A9-F7E2-4A96-831D-45BE86C1C998}.Debug|x86.ActiveCfg = Debug|Any CPU
		{737C29A9-F7E2-4A96-831D-45BE86C1C998}.Debug|x86.Build.0 = Debug|Any CPU
		{737C29A9-F7E2-4A96-831D-45BE86C1C998}.Release|Any CPU.ActiveCfg = Release|Any CPU
		{737C29A9-F7E2-4A96-831D-45BE86C1C998}.Release|Any CPU.Build.0 = Release|Any CPU
		{737C29A9-F7E2-4A96-831D-45BE86C1C998}.Release|x64.ActiveCfg = Release|Any CPU
		{737C29A9-F7E2-4A96-831D-45BE86C1C998}.Release|x64.Build.0 = Release|Any CPU
		{737C29A9-F7E2-4A96-831D-45BE86C1C998}.Release|x86.ActiveCfg = Release|Any CPU
		{737C29A9-F7E2-4A96-831D-45BE86C1C998}.Release|x86.Build.0 = Release|Any CPU
		{A742B15E-562C-4D5F-9EFE-252614938E36}.Debug|Any CPU.ActiveCfg = Debug|Any CPU
		{A742B15E-562C-4D5F-9EFE-252614938E36}.Debug|Any CPU.Build.0 = Debug|Any CPU
		{A742B15E-562C-4D5F-9EFE-252614938E36}.Debug|x64.ActiveCfg = Debug|Any CPU
		{A742B15E-562C-4D5F-9EFE-252614938E36}.Debug|x64.Build.0 = Debug|Any CPU
		{A742B15E-562C-4D5F-9EFE-252614938E36}.Debug|x86.ActiveCfg = Debug|Any CPU
		{A742B15E-562C-4D5F-9EFE-252614938E36}.Debug|x86.Build.0 = Debug|Any CPU
		{A742B15E-562C-4D5F-9EFE-252614938E36}.Release|Any CPU.ActiveCfg = Release|Any CPU
		{A742B15E-562C-4D5F-9EFE-252614938E36}.Release|Any CPU.Build.0 = Release|Any CPU
		{A742B15E-562C-4D5F-9EFE-252614938E36}.Release|x64.ActiveCfg = Release|Any CPU
		{A742B15E-562C-4D5F-9EFE-252614938E36}.Release|x64.Build.0 = Release|Any CPU
		{A742B15E-562C-4D5F-9EFE-252614938E36}.Release|x86.ActiveCfg = Release|Any CPU
		{A742B15E-562C-4D5F-9EFE-252614938E36}.Release|x86.Build.0 = Release|Any CPU
	EndGlobalSection
	GlobalSection(SolutionProperties) = preSolution
		HideSolutionNode = FALSE
	EndGlobalSection
EndGlobal
